
Microsoft Visual Studio Solution File, Format Version 12.00
# Visual Studio Version 17
VisualStudioVersion = 17.11.35312.102
MinimumVisualStudioVersion = 10.0.40219.1
Project("{FAE04EC0-301F-11D3-BF4B-00C04F79EFBC}") = "Project.V14", "Project.V14\Project.V14.csproj", "{C46DF61A-9A6B-4977-BD17-688D0BC72D37}"
EndProject
Project("{2150E333-8FDC-42A3-9474-1A3956D46DE8}") = "Task0", "Task0", "{6920F5CB-D938-4FEA-89EE-FB99FE318B25}"
EndProject
Project("{FAE04EC0-301F-11D3-BF4B-00C04F79EFBC}") = "Tyuiu.TodikovDE.Sprint7.Task0.V14.Lib", "Tyuiu.TodikovDE.Sprint7.Task0.V14.Lib\Tyuiu.TodikovDE.Sprint7.Task0.V14.Lib.csproj", "{3C35A0DF-F978-453B-A4DA-A2FFF5F61203}"
EndProject
Project("{FAE04EC0-301F-11D3-BF4B-00C04F79EFBC}") = "Tyuiu.TodikovDE.Sprint7.Task0.V14.Test", "Tyuiu.TodikovDE.Sprint7.Task0.V14.Test\Tyuiu.TodikovDE.Sprint7.Task0.V14.Test.csproj", "{21C608A9-8A23-4CA1-A3FE-361A2686EE8D}"
EndProject
Global
	GlobalSection(SolutionConfigurationPlatforms) = preSolution
		Debug|Any CPU = Debug|Any CPU
		Release|Any CPU = Release|Any CPU
	EndGlobalSection
	GlobalSection(ProjectConfigurationPlatforms) = postSolution
		{C46DF61A-9A6B-4977-BD17-688D0BC72D37}.Debug|Any CPU.ActiveCfg = Debug|Any CPU
		{C46DF61A-9A6B-4977-BD17-688D0BC72D37}.Debug|Any CPU.Build.0 = Debug|Any CPU
		{C46DF61A-9A6B-4977-BD17-688D0BC72D37}.Release|Any CPU.ActiveCfg = Release|Any CPU
		{C46DF61A-9A6B-4977-BD17-688D0BC72D37}.Release|Any CPU.Build.0 = Release|Any CPU
		{3C35A0DF-F978-453B-A4DA-A2FFF5F61203}.Debug|Any CPU.ActiveCfg = Debug|Any CPU
		{3C35A0DF-F978-453B-A4DA-A2FFF5F61203}.Debug|Any CPU.Build.0 = Debug|Any CPU
		{3C35A0DF-F978-453B-A4DA-A2FFF5F61203}.Release|Any CPU.ActiveCfg = Release|Any CPU
		{3C35A0DF-F978-453B-A4DA-A2FFF5F61203}.Release|Any CPU.Build.0 = Release|Any CPU
		{21C608A9-8A23-4CA1-A3FE-361A2686EE8D}.Debug|Any CPU.ActiveCfg = Debug|Any CPU
		{21C608A9-8A23-4CA1-A3FE-361A2686EE8D}.Debug|Any CPU.Build.0 = Debug|Any CPU
		{21C608A9-8A23-4CA1-A3FE-361A2686EE8D}.Release|Any CPU.ActiveCfg = Release|Any CPU
		{21C608A9-8A23-4CA1-A3FE-361A2686EE8D}.Release|Any CPU.Build.0 = Release|Any CPU
	EndGlobalSection
	GlobalSection(SolutionProperties) = preSolution
		HideSolutionNode = FALSE
	EndGlobalSection
	GlobalSection(NestedProjects) = preSolution
		{C46DF61A-9A6B-4977-BD17-688D0BC72D37} = {6920F5CB-D938-4FEA-89EE-FB99FE318B25}
		{3C35A0DF-F978-453B-A4DA-A2FFF5F61203} = {6920F5CB-D938-4FEA-89EE-FB99FE318B25}
		{21C608A9-8A23-4CA1-A3FE-361A2686EE8D} = {6920F5CB-D938-4FEA-89EE-FB99FE318B25}
	EndGlobalSection
	GlobalSection(ExtensibilityGlobals) = postSolution
		SolutionGuid = {3053890F-FF0F-48B9-A491-C06866DDF71A}
	EndGlobalSection
EndGlobal
